# This file is automatically @generated by Poetry 1.7.1 and should not be changed by hand.

[[package]]
name = "beautifulsoup4"
version = "4.12.2"
description = "Screen-scraping library"
optional = false
python-versions = ">=3.6.0"
files = [
    {file = "beautifulsoup4-4.12.2-py3-none-any.whl", hash = "sha256:bd2520ca0d9d7d12694a53d44ac482d181b4ec1888909b035a3dbf40d0f57d4a"},
    {file = "beautifulsoup4-4.12.2.tar.gz", hash = "sha256:492bbc69dca35d12daac71c4db1bfff0c876c00ef4a2ffacce226d4638eb72da"},
]

[package.dependencies]
soupsieve = ">1.2"

[package.extras]
html5lib = ["html5lib"]
lxml = ["lxml"]

[[package]]
name = "soupsieve"
version = "2.5"
description = "A modern CSS selector implementation for Beautiful Soup."
optional = false
python-versions = ">=3.8"
files = [
    {file = "soupsieve-2.5-py3-none-any.whl", hash = "sha256:eaa337ff55a1579b6549dc679565eac1e3d000563bcb1c8ab0d0fefbc0c2cdc7"},
    {file = "soupsieve-2.5.tar.gz", hash = "sha256:5663d5a7b3bfaeee0bc4372e7fc48f9cff4940b3eec54a6451cc5299f1097690"},
]

[[package]]
name = "types-beautifulsoup4"
version = "4.12.0.7"
description = "Typing stubs for beautifulsoup4"
optional = false
python-versions = ">=3.7"
files = [
    {file = "types-beautifulsoup4-4.12.0.7.tar.gz", hash = "sha256:59980028d29bf55d0db359efa305b75bacf0cb92e3f3f6b3fd408f2531df274c"},
    {file = "types_beautifulsoup4-4.12.0.7-py3-none-any.whl", hash = "sha256:8b03b054cb2e62abf82bbbeda57a07257026f4ed9010ef17d8f8eff43bb1f9b7"},
]

[package.dependencies]
types-html5lib = "*"

[[package]]
name = "types-html5lib"
version = "1.1.11.15"
description = "Typing stubs for html5lib"
optional = false
python-versions = "*"
files = [
    {file = "types-html5lib-1.1.11.15.tar.gz", hash = "sha256:80e1a2062d22a3affe5c28d97da30bffbf3a076d393c80fc6f1671216c1bd492"},
    {file = "types_html5lib-1.1.11.15-py3-none-any.whl", hash = "sha256:16fe936d99b9f7fc210e2e21a2aed1b6bbbc554ad8242a6ef75f6f2bddb27e58"},
]

[metadata]
lock-version = "2.0"
python-versions = "^3.12"
content-hash = "55f52bc8f227611c518b55ff0aeea5f121075ff005930dd84b5cbead91ea38ee"
